// !$*UTF8*$!
{
	archiveVersion = 1;
	classes = {
	};
	objectVersion = 50;
	objects = {

/* Begin PBXBuildFile section */
		CA40067D24CA3E25002D81F2 /* AppDelegate.swift in Sources */ = {isa = PBXBuildFile; fileRef = CA40067C24CA3E25002D81F2 /* AppDelegate.swift */; };
		CA40067F24CA3E25002D81F2 /* SceneDelegate.swift in Sources */ = {isa = PBXBuildFile; fileRef = CA40067E24CA3E25002D81F2 /* SceneDelegate.swift */; };
		CA40068124CA3E25002D81F2 /* ConversationsViewController.swift in Sources */ = {isa = PBXBuildFile; fileRef = CA40068024CA3E25002D81F2 /* ConversationsViewController.swift */; };
		CA40068424CA3E25002D81F2 /* Conversations.storyboard in Resources */ = {isa = PBXBuildFile; fileRef = CA40068224CA3E25002D81F2 /* Conversations.storyboard */; };
		CA40068624CA3E29002D81F2 /* Assets.xcassets in Resources */ = {isa = PBXBuildFile; fileRef = CA40068524CA3E29002D81F2 /* Assets.xcassets */; };
		CA40068924CA3E29002D81F2 /* LaunchScreen.storyboard in Resources */ = {isa = PBXBuildFile; fileRef = CA40068724CA3E29002D81F2 /* LaunchScreen.storyboard */; };
/* End PBXBuildFile section */

/* Begin PBXFileReference section */
		CA40067924CA3E25002D81F2 /* Scobi Messenger.app */ = {isa = PBXFileReference; explicitFileType = wrapper.application; includeInIndex = 0; path = "Scobi Messenger.app"; sourceTree = BUILT_PRODUCTS_DIR; };
		CA40067C24CA3E25002D81F2 /* AppDelegate.swift */ = {isa = PBXFileReference; lastKnownFileType = sourcecode.swift; path = AppDelegate.swift; sourceTree = "<group>"; };
		CA40067E24CA3E25002D81F2 /* SceneDelegate.swift */ = {isa = PBXFileReference; lastKnownFileType = sourcecode.swift; path = SceneDelegate.swift; sourceTree = "<group>"; };
		CA40068024CA3E25002D81F2 /* ConversationsViewController.swift */ = {isa = PBXFileReference; lastKnownFileType = sourcecode.swift; path = ConversationsViewController.swift; sourceTree = "<group>"; };
		CA40068324CA3E25002D81F2 /* Base */ = {isa = PBXFileReference; lastKnownFileType = file.storyboard; name = Base; path = Base.lproj/Conversations.storyboard; sourceTree = "<group>"; };
		CA40068524CA3E29002D81F2 /* Assets.xcassets */ = {isa = PBXFileReference; lastKnownFileType = folder.assetcatalog; path = Assets.xcassets; sourceTree = "<group>"; };
		CA40068824CA3E29002D81F2 /* Base */ = {isa = PBXFileReference; lastKnownFileType = file.storyboard; name = Base; path = Base.lproj/LaunchScreen.storyboard; sourceTree = "<group>"; };
		CA40068A24CA3E29002D81F2 /* Info.plist */ = {isa = PBXFileReference; lastKnownFileType = text.plist.xml; path = Info.plist; sourceTree = "<group>"; };
/* End PBXFileReference section */

/* Begin PBXFrameworksBuildPhase section */
		CA40067624CA3E25002D81F2 /* Frameworks */ = {
			isa = PBXFrameworksBuildPhase;
			buildActionMask = 2147483647;
			files = (
			);
			runOnlyForDeploymentPostprocessing = 0;
		};
/* End PBXFrameworksBuildPhase section */

/* Begin PBXGroup section */
		CA40067024CA3E25002D81F2 = {
			isa = PBXGroup;
			children = (
				CA40067B24CA3E25002D81F2 /* Scobi-Messenger-iOS */,
				CA40067A24CA3E25002D81F2 /* Products */,
			);
			sourceTree = "<group>";
		};
		CA40067A24CA3E25002D81F2 /* Products */ = {
			isa = PBXGroup;
			children = (
				CA40067924CA3E25002D81F2 /* Scobi Messenger.app */,
			);
			name = Products;
			sourceTree = "<group>";
		};
		CA40067B24CA3E25002D81F2 /* Scobi-Messenger-iOS */ = {
			isa = PBXGroup;
			children = (
				CA40069024CA3FCF002D81F2 /* Application */,
				CA40069724CA40E9002D81F2 /* Constants */,
				CA40069624CA40E0002D81F2 /* Extensions */,
				CA40069524CA40D2002D81F2 /* Resources */,
				CA40069124CA3FDC002D81F2 /* Models */,
				CA40069224CA3FE5002D81F2 /* Views */,
				CA40069424CA4000002D81F2 /* Controllers */,
				CA40068A24CA3E29002D81F2 /* Info.plist */,
			);
			path = "Scobi-Messenger-iOS";
			sourceTree = "<group>";
		};
		CA40069024CA3FCF002D81F2 /* Application */ = {
			isa = PBXGroup;
			children = (
				CA40067C24CA3E25002D81F2 /* AppDelegate.swift */,
				CA40067E24CA3E25002D81F2 /* SceneDelegate.swift */,
			);
			path = Application;
			sourceTree = "<group>";
		};
		CA40069124CA3FDC002D81F2 /* Models */ = {
			isa = PBXGroup;
			children = (
			);
			path = Models;
			sourceTree = "<group>";
		};
		CA40069224CA3FE5002D81F2 /* Views */ = {
			isa = PBXGroup;
			children = (
				CA40069324CA3FEC002D81F2 /* Storyboards */,
				CA40068524CA3E29002D81F2 /* Assets.xcassets */,
			);
			path = Views;
			sourceTree = "<group>";
		};
		CA40069324CA3FEC002D81F2 /* Storyboards */ = {
			isa = PBXGroup;
			children = (
				CA40068224CA3E25002D81F2 /* Conversations.storyboard */,
				CA40068724CA3E29002D81F2 /* LaunchScreen.storyboard */,
			);
			path = Storyboards;
			sourceTree = "<group>";
		};
		CA40069424CA4000002D81F2 /* Controllers */ = {
			isa = PBXGroup;
			children = (
				CA40068024CA3E25002D81F2 /* ConversationsViewController.swift */,
			);
			path = Controllers;
			sourceTree = "<group>";
		};
		CA40069524CA40D2002D81F2 /* Resources */ = {
			isa = PBXGroup;
			children = (
			);
			path = Resources;
			sourceTree = "<group>";
		};
		CA40069624CA40E0002D81F2 /* Extensions */ = {
			isa = PBXGroup;
			children = (
			);
			path = Extensions;
			sourceTree = "<group>";
		};
		CA40069724CA40E9002D81F2 /* Constants */ = {
			isa = PBXGroup;
			children = (
			);
			path = Constants;
			sourceTree = "<group>";
		};
/* End PBXGroup section */

/* Begin PBXNativeTarget section */
		CA40067824CA3E25002D81F2 /* Scobi-Messenger-iOS */ = {
			isa = PBXNativeTarget;
			buildConfigurationList = CA40068D24CA3E29002D81F2 /* Build configuration list for PBXNativeTarget "Scobi-Messenger-iOS" */;
			buildPhases = (
				CA40067524CA3E25002D81F2 /* Sources */,
				CA40067624CA3E25002D81F2 /* Frameworks */,
				CA40067724CA3E25002D81F2 /* Resources */,
			);
			buildRules = (
			);
			dependencies = (
			);
			name = "Scobi-Messenger-iOS";
			productName = "Scobi-Messenger-iOS";
			productReference = CA40067924CA3E25002D81F2 /* Scobi Messenger.app */;
			productType = "com.apple.product-type.application";
		};
/* End PBXNativeTarget section */

/* Begin PBXProject section */
		CA40067124CA3E25002D81F2 /* Project object */ = {
			isa = PBXProject;
			attributes = {
				LastSwiftUpdateCheck = 1160;
				LastUpgradeCheck = 1160;
				ORGANIZATIONNAME = "Design X";
				TargetAttributes = {
					CA40067824CA3E25002D81F2 = {
						CreatedOnToolsVersion = 11.6;
					};
				};
			};
			buildConfigurationList = CA40067424CA3E25002D81F2 /* Build configuration list for PBXProject "Scobi-Messenger-iOS" */;
			compatibilityVersion = "Xcode 9.3";
			developmentRegion = en;
			hasScannedForEncodings = 0;
			knownRegions = (
				en,
				Base,
			);
			mainGroup = CA40067024CA3E25002D81F2;
			productRefGroup = CA40067A24CA3E25002D81F2 /* Products */;
			projectDirPath = "";
			projectRoot = "";
			targets = (
				CA40067824CA3E25002D81F2 /* Scobi-Messenger-iOS */,
			);
		};
/* End PBXProject section */

/* Begin PBXResourcesBuildPhase section */
		CA40067724CA3E25002D81F2 /* Resources */ = {
			isa = PBXResourcesBuildPhase;
			buildActionMask = 2147483647;
			files = (
				CA40068924CA3E29002D81F2 /* LaunchScreen.storyboard in Resources */,
				CA40068624CA3E29002D81F2 /* Assets.xcassets in Resources */,
				CA40068424CA3E25002D81F2 /* Conversations.storyboard in Resources */,
			);
			runOnlyForDeploymentPostprocessing = 0;
		};
/* End PBXResourcesBuildPhase section */

/* Begin PBXSourcesBuildPhase section */
		CA40067524CA3E25002D81F2 /* Sources */ = {
			isa = PBXSourcesBuildPhase;
			buildActionMask = 2147483647;
			files = (
				CA40068124CA3E25002D81F2 /* ConversationsViewController.swift in Sources */,
				CA40067D24CA3E25002D81F2 /* AppDelegate.swift in Sources */,
				CA40067F24CA3E25002D81F2 /* SceneDelegate.swift in Sources */,
			);
			runOnlyForDeploymentPostprocessing = 0;
		};
/* End PBXSourcesBuildPhase section */

/* Begin PBXVariantGroup section */
		CA40068224CA3E25002D81F2 /* Conversations.storyboard */ = {
			isa = PBXVariantGroup;
			children = (
				CA40068324CA3E25002D81F2 /* Base */,
			);
			name = Conversations.storyboard;
			sourceTree = "<group>";
		};
		CA40068724CA3E29002D81F2 /* LaunchScreen.storyboard */ = {
			isa = PBXVariantGroup;
			children = (
				CA40068824CA3E29002D81F2 /* Base */,
			);
			name = LaunchScreen.storyboard;
			sourceTree = "<group>";
		};
/* End PBXVariantGroup section */

/* Begin XCBuildConfiguration section */
		CA40068B24CA3E29002D81F2 /* Debug */ = {
			isa = XCBuildConfiguration;
			buildSettings = {
				ALWAYS_SEARCH_USER_PATHS = NO;
				CLANG_ANALYZER_NONNULL = YES;
				CLANG_ANALYZER_NUMBER_OBJECT_CONVERSION = YES_AGGRESSIVE;
				CLANG_CXX_LANGUAGE_STANDARD = "gnu++14";
				CLANG_CXX_LIBRARY = "libc++";
				CLANG_ENABLE_MODULES = YES;
				CLANG_ENABLE_OBJC_ARC = YES;
				CLANG_ENABLE_OBJC_WEAK = YES;
				CLANG_WARN_BLOCK_CAPTURE_AUTORELEASING = YES;
				CLANG_WARN_BOOL_CONVERSION = YES;
				CLANG_WARN_COMMA = YES;
				CLANG_WARN_CONSTANT_CONVERSION = YES;
				CLANG_WARN_DEPRECATED_OBJC_IMPLEMENTATIONS = YES;
				CLANG_WARN_DIRECT_OBJC_ISA_USAGE = YES_ERROR;
				CLANG_WARN_DOCUMENTATION_COMMENTS = YES;
				CLANG_WARN_EMPTY_BODY = YES;
				CLANG_WARN_ENUM_CONVERSION = YES;
				CLANG_WARN_INFINITE_RECURSION = YES;
				CLANG_WARN_INT_CONVERSION = YES;
				CLANG_WARN_NON_LITERAL_NULL_CONVERSION = YES;
				CLANG_WARN_OBJC_IMPLICIT_RETAIN_SELF = YES;
				CLANG_WARN_OBJC_LITERAL_CONVERSION = YES;
				CLANG_WARN_OBJC_ROOT_CLASS = YES_ERROR;
				CLANG_WARN_RANGE_LOOP_ANALYSIS = YES;
				CLANG_WARN_STRICT_PROTOTYPES = YES;
				CLANG_WARN_SUSPICIOUS_MOVE = YES;
				CLANG_WARN_UNGUARDED_AVAILABILITY = YES_AGGRESSIVE;
				CLANG_WARN_UNREACHABLE_CODE = YES;
				CLANG_WARN__DUPLICATE_METHOD_MATCH = YES;
				COPY_PHASE_STRIP = NO;
				DEBUG_INFORMATION_FORMAT = dwarf;
				ENABLE_STRICT_OBJC_MSGSEND = YES;
				ENABLE_TESTABILITY = YES;
				GCC_C_LANGUAGE_STANDARD = gnu11;
				GCC_DYNAMIC_NO_PIC = NO;
				GCC_NO_COMMON_BLOCKS = YES;
				GCC_OPTIMIZATION_LEVEL = 0;
				GCC_PREPROCESSOR_DEFINITIONS = (
					"DEBUG=1",
					"$(inherited)",
				);
				GCC_WARN_64_TO_32_BIT_CONVERSION = YES;
				GCC_WARN_ABOUT_RETURN_TYPE = YES_ERROR;
				GCC_WARN_UNDECLARED_SELECTOR = YES;
				GCC_WARN_UNINITIALIZED_AUTOS = YES_AGGRESSIVE;
				GCC_WARN_UNUSED_FUNCTION = YES;
				GCC_WARN_UNUSED_VARIABLE = YES;
				IPHONEOS_DEPLOYMENT_TARGET = 13.6;
				MTL_ENABLE_DEBUG_INFO = INCLUDE_SOURCE;
				MTL_FAST_MATH = YES;
				ONLY_ACTIVE_ARCH = YES;
				SDKROOT = iphoneos;
				SWIFT_ACTIVE_COMPILATION_CONDITIONS = DEBUG;
				SWIFT_OPTIMIZATION_LEVEL = "-Onone";
			};
			name = Debug;
		};
		CA40068C24CA3E29002D81F2 /* Release */ = {
			isa = XCBuildConfiguration;
			buildSettings = {
				ALWAYS_SEARCH_USER_PATHS = NO;
				CLANG_ANALYZER_NONNULL = YES;
				CLANG_ANALYZER_NUMBER_OBJECT_CONVERSION = YES_AGGRESSIVE;
				CLANG_CXX_LANGUAGE_STANDARD = "gnu++14";
				CLANG_CXX_LIBRARY = "libc++";
				CLANG_ENABLE_MODULES = YES;
				CLANG_ENABLE_OBJC_ARC = YES;
				CLANG_ENABLE_OBJC_WEAK = YES;
				CLANG_WARN_BLOCK_CAPTURE_AUTORELEASING = YES;
				CLANG_WARN_BOOL_CONVERSION = YES;
				CLANG_WARN_COMMA = YES;
				CLANG_WARN_CONSTANT_CONVERSION = YES;
				CLANG_WARN_DEPRECATED_OBJC_IMPLEMENTATIONS = YES;
				CLANG_WARN_DIRECT_OBJC_ISA_USAGE = YES_ERROR;
				CLANG_WARN_DOCUMENTATION_COMMENTS = YES;
				CLANG_WARN_EMPTY_BODY = YES;
				CLANG_WARN_ENUM_CONVERSION = YES;
				CLANG_WARN_INFINITE_RECURSION = YES;
				CLANG_WARN_INT_CONVERSION = YES;
				CLANG_WARN_NON_LITERAL_NULL_CONVERSION = YES;
				CLANG_WARN_OBJC_IMPLICIT_RETAIN_SELF = YES;
				CLANG_WARN_OBJC_LITERAL_CONVERSION = YES;
				CLANG_WARN_OBJC_ROOT_CLASS = YES_ERROR;
				CLANG_WARN_RANGE_LOOP_ANALYSIS = YES;
				CLANG_WARN_STRICT_PROTOTYPES = YES;
				CLANG_WARN_SUSPICIOUS_MOVE = YES;
				CLANG_WARN_UNGUARDED_AVAILABILITY = YES_AGGRESSIVE;
				CLANG_WARN_UNREACHABLE_CODE = YES;
				CLANG_WARN__DUPLICATE_METHOD_MATCH = YES;
				COPY_PHASE_STRIP = NO;
				DEBUG_INFORMATION_FORMAT = "dwarf-with-dsym";
				ENABLE_NS_ASSERTIONS = NO;
				ENABLE_STRICT_OBJC_MSGSEND = YES;
				GCC_C_LANGUAGE_STANDARD = gnu11;
				GCC_NO_COMMON_BLOCKS = YES;
				GCC_WARN_64_TO_32_BIT_CONVERSION = YES;
				GCC_WARN_ABOUT_RETURN_TYPE = YES_ERROR;
				GCC_WARN_UNDECLARED_SELECTOR = YES;
				GCC_WARN_UNINITIALIZED_AUTOS = YES_AGGRESSIVE;
				GCC_WARN_UNUSED_FUNCTION = YES;
				GCC_WARN_UNUSED_VARIABLE = YES;
				IPHONEOS_DEPLOYMENT_TARGET = 13.6;
				MTL_ENABLE_DEBUG_INFO = NO;
				MTL_FAST_MATH = YES;
				SDKROOT = iphoneos;
				SWIFT_COMPILATION_MODE = wholemodule;
				SWIFT_OPTIMIZATION_LEVEL = "-O";
				VALIDATE_PRODUCT = YES;
			};
			name = Release;
		};
		CA40068E24CA3E29002D81F2 /* Debug */ = {
			isa = XCBuildConfiguration;
			buildSettings = {
				ASSETCATALOG_COMPILER_APPICON_NAME = AppIcon;
				CODE_SIGN_STYLE = Automatic;
				INFOPLIST_FILE = "Scobi-Messenger-iOS/Info.plist";
				LD_RUNPATH_SEARCH_PATHS = (
					"$(inherited)",
					"@executable_path/Frameworks",
				);
				PRODUCT_BUNDLE_IDENTIFIER = com.designx.scobimessenger;
				PRODUCT_NAME = "Scobi Messenger";
				SWIFT_VERSION = 5.0;
				TARGETED_DEVICE_FAMILY = "1,2";
			};
			name = Debug;
		};
		CA40068F24CA3E29002D81F2 /* Release */ = {
			isa = XCBuildConfiguration;
			buildSettings = {
				ASSETCATALOG_COMPILER_APPICON_NAME = AppIcon;
				CODE_SIGN_STYLE = Automatic;
				INFOPLIST_FILE = "Scobi-Messenger-iOS/Info.plist";
				LD_RUNPATH_SEARCH_PATHS = (
					"$(inherited)",
					"@executable_path/Frameworks",
				);
				PRODUCT_BUNDLE_IDENTIFIER = com.designx.scobimessenger;
				PRODUCT_NAME = "Scobi Messenger";
				SWIFT_VERSION = 5.0;
				TARGETED_DEVICE_FAMILY = "1,2";
			};
			name = Release;
		};
/* End XCBuildConfiguration section */

/* Begin XCConfigurationList section */
		CA40067424CA3E25002D81F2 /* Build configuration list for PBXProject "Scobi-Messenger-iOS" */ = {
			isa = XCConfigurationList;
			buildConfigurations = (
				CA40068B24CA3E29002D81F2 /* Debug */,
				CA40068C24CA3E29002D81F2 /* Release */,
			);
			defaultConfigurationIsVisible = 0;
			defaultConfigurationName = Release;
		};
		CA40068D24CA3E29002D81F2 /* Build configuration list for PBXNativeTarget "Scobi-Messenger-iOS" */ = {
			isa = XCConfigurationList;
			buildConfigurations = (
				CA40068E24CA3E29002D81F2 /* Debug */,
				CA40068F24CA3E29002D81F2 /* Release */,
			);
			defaultConfigurationIsVisible = 0;
			defaultConfigurationName = Release;
		};
/* End XCConfigurationList section */
	};
	rootObject = CA40067124CA3E25002D81F2 /* Project object */;
}
